
Microsoft Visual Studio Solution File, Format Version 12.00
# Visual Studio Version 16
VisualStudioVersion = 16.0.30621.155
MinimumVisualStudioVersion = 10.0.40219.1
Project("{9A19103F-16F7-4668-BE54-9A1E7A4F7556}") = "ConsoleApp", "ConsoleApp\ConsoleApp.csproj", "{4C034CAA-25D5-42E2-A280-0152D5E4E4C2}"
	ProjectSection(ProjectDependencies) = postProject
		{887E9ED6-A938-497A-83D0-9F5F9EE837D4} = {887E9ED6-A938-497A-83D0-9F5F9EE837D4}
	EndProjectSection
EndProject
Project("{FAE04EC0-301F-11D3-BF4B-00C04F79EFBC}") = "MsTestProject", "MsTestProject\MsTestProject.csproj", "{96985719-238A-446E-A9D1-AD6B6D0E1387}"
	ProjectSection(ProjectDependencies) = postProject
		{887E9ED6-A938-497A-83D0-9F5F9EE837D4} = {887E9ED6-A938-497A-83D0-9F5F9EE837D4}
	EndProjectSection
EndProject
Project("{FAE04EC0-301F-11D3-BF4B-00C04F79EFBC}") = "ClassLibrary1", "ClassLibrary1\ClassLibrary1.csproj", "{887E9ED6-A938-497A-83D0-9F5F9EE837D4}"
EndProject
Global
	GlobalSection(SolutionConfigurationPlatforms) = preSolution
		Debug|Any CPU = Debug|Any CPU
		Release|Any CPU = Release|Any CPU
	EndGlobalSection
	GlobalSection(ProjectConfigurationPlatforms) = postSolution
		{4C034CAA-25D5-42E2-A280-0152D5E4E4C2}.Debug|Any CPU.ActiveCfg = Debug|Any CPU
		{4C034CAA-25D5-42E2-A280-0152D5E4E4C2}.Debug|Any CPU.Build.0 = Debug|Any CPU
		{4C034CAA-25D5-42E2-A280-0152D5E4E4C2}.Release|Any CPU.ActiveCfg = Release|Any CPU
		{4C034CAA-25D5-42E2-A280-0152D5E4E4C2}.Release|Any CPU.Build.0 = Release|Any CPU
		{96985719-238A-446E-A9D1-AD6B6D0E1387}.Debug|Any CPU.ActiveCfg = Debug|Any CPU
		{96985719-238A-446E-A9D1-AD6B6D0E1387}.Debug|Any CPU.Build.0 = Debug|Any CPU
		{96985719-238A-446E-A9D1-AD6B6D0E1387}.Release|Any CPU.ActiveCfg = Release|Any CPU
		{96985719-238A-446E-A9D1-AD6B6D0E1387}.Release|Any CPU.Build.0 = Release|Any CPU
		{887E9ED6-A938-497A-83D0-9F5F9EE837D4}.Debug|Any CPU.ActiveCfg = Debug|Any CPU
		{887E9ED6-A938-497A-83D0-9F5F9EE837D4}.Debug|Any CPU.Build.0 = Debug|Any CPU
		{887E9ED6-A938-497A-83D0-9F5F9EE837D4}.Release|Any CPU.ActiveCfg = Release|Any CPU
		{887E9ED6-A938-497A-83D0-9F5F9EE837D4}.Release|Any CPU.Build.0 = Release|Any CPU
	EndGlobalSection
	GlobalSection(SolutionProperties) = preSolution
		HideSolutionNode = FALSE
	EndGlobalSection
	GlobalSection(ExtensibilityGlobals) = postSolution
		SolutionGuid = {F3E6FEA0-47CA-4AE1-925D-3A4D9A96FAB9}
	EndGlobalSection
EndGlobal
